
Microsoft Visual Studio Solution File, Format Version 12.00
# Visual Studio Version 16
VisualStudioVersion = 16.0.28917.182
MinimumVisualStudioVersion = 10.0.40219.1
Project("{9A19103F-16F7-4668-BE54-9A1E7A4F7556}") = "Blog.Web", "src\Blog.Web\Blog.Web.csproj", "{E566EC0E-713A-4984-B7FA-D4D41115834B}"
EndProject
Project("{9A19103F-16F7-4668-BE54-9A1E7A4F7556}") = "Blog.Data", "src\Blog.Data\Blog.Data.csproj", "{F6BBB112-592A-4AFB-8083-C5F0249DF2E7}"
EndProject
Project("{9A19103F-16F7-4668-BE54-9A1E7A4F7556}") = "Blog.Services", "src\Blog.Services\Blog.Services.csproj", "{2C2CA10A-CC26-448B-B7F6-90B4A019FF99}"
EndProject
Project("{9A19103F-16F7-4668-BE54-9A1E7A4F7556}") = "Blog.Controllers", "src\Blog.Controllers\Blog.Controllers.csproj", "{D96908D5-A87C-4BC4-A6D3-2F26E81624B5}"
EndProject
Project("{9A19103F-16F7-4668-BE54-9A1E7A4F7556}") = "Blog.UnitTests", "test\Blog.UnitTests\Blog.UnitTests.csproj", "{40BF8C95-03C7-49F7-AE13-984AB89FB15E}"
EndProject
Project("{9A19103F-16F7-4668-BE54-9A1E7A4F7556}") = "Blog.Infrastructure", "src\Blog.Infrastructure\Blog.Infrastructure.csproj", "{2C4AF726-9006-4C78-9EE7-6CAC97F8A708}"
EndProject
Project("{9A19103F-16F7-4668-BE54-9A1E7A4F7556}") = "Blog.DataAccess", "src\Blog.DataAccess\Blog.DataAccess.csproj", "{029F4A8D-8E05-4C62-BDD6-BC2C60DC2090}"
EndProject
Project("{2150E333-8FDC-42A3-9474-1A3956D46DE8}") = "Data", "Data", "{B04D31C4-9ABA-4849-9B8D-72A02EE0F535}"
EndProject
Project("{9A19103F-16F7-4668-BE54-9A1E7A4F7556}") = "Blog.Data.Configurations", "src\Blog.Data.Configurations\Blog.Data.Configurations.csproj", "{41CFDACA-0DDF-4939-99A8-04CEA94070D8}"
EndProject
Project("{9A19103F-16F7-4668-BE54-9A1E7A4F7556}") = "Blog.Data.Repositories", "src\Blog.Data.Repositories\Blog.Data.Repositories.csproj", "{2FBF54DF-EC25-476C-A5D0-3727FD71EB3A}"
EndProject
Project("{9A19103F-16F7-4668-BE54-9A1E7A4F7556}") = "Blog.Data.Models", "src\Blog.Data.Models\Blog.Data.Models.csproj", "{13BA4EA4-2042-40FC-9069-D1B45730E90B}"
EndProject
Project("{9A19103F-16F7-4668-BE54-9A1E7A4F7556}") = "Blog.Data.Base", "src\Blog.Data.Base\Blog.Data.Base.csproj", "{FD1E593D-8F9F-4DB5-8718-B5D31BC5F14F}"
EndProject
Project("{2150E333-8FDC-42A3-9474-1A3956D46DE8}") = "Controllers", "Controllers", "{2F92D872-CC90-448E-971C-A1F22D926068}"
EndProject
Project("{9A19103F-16F7-4668-BE54-9A1E7A4F7556}") = "Blog.Controllers.BackEnd", "src\Blog.Controllers.BackEnd\Blog.Controllers.BackEnd.csproj", "{8C9BDBF5-A648-4936-931B-30842537287A}"
EndProject
Project("{2150E333-8FDC-42A3-9474-1A3956D46DE8}") = "ViewModels", "ViewModels", "{1BF19B3B-D2E8-4EB1-9B27-EC2D2C66B5BC}"
EndProject
Project("{9A19103F-16F7-4668-BE54-9A1E7A4F7556}") = "Blog.ViewModels.BackEnd", "src\Blog.ViewModels.BackEnd\Blog.ViewModels.BackEnd.csproj", "{B340C4D7-DE2F-45C9-9D25-DF603368B1ED}"
EndProject
Project("{2150E333-8FDC-42A3-9474-1A3956D46DE8}") = "Tests", "Tests", "{E57E6404-D851-4BE7-8DC1-E7DDE51B4FD6}"
EndProject
Project("{2150E333-8FDC-42A3-9474-1A3956D46DE8}") = "Solution Items", "Solution Items", "{5EE02D06-20CF-4760-B6ED-8CC8954AC3DB}"
	ProjectSection(SolutionItems) = preProject
		src\Blog.Data.Base\.editorconfig = src\Blog.Data.Base\.editorconfig
		src\Blog.Data.Base\DefaultSet.ruleset = src\Blog.Data.Base\DefaultSet.ruleset
		Directory.Build.props = Directory.Build.props
	EndProjectSection
EndProject
Project("{FAE04EC0-301F-11D3-BF4B-00C04F79EFBC}") = "Blog.Controllers.FrontEnd", "src\Blog.Controllers.FrontEnd\Blog.Controllers.FrontEnd.csproj", "{3608336F-4D24-457C-9924-4A111AA98B26}"
EndProject
Project("{FAE04EC0-301F-11D3-BF4B-00C04F79EFBC}") = "Blog.ViewModels.FrontEnd", "src\Blog.ViewModels.FrontEnd\Blog.ViewModels.FrontEnd.csproj", "{4DBDD5C6-8344-4F6F-874E-E7827BE723B8}"
EndProject
Global
	GlobalSection(SolutionConfigurationPlatforms) = preSolution
		Debug|Any CPU = Debug|Any CPU
		Release|Any CPU = Release|Any CPU
	EndGlobalSection
	GlobalSection(ProjectConfigurationPlatforms) = postSolution
		{E566EC0E-713A-4984-B7FA-D4D41115834B}.Debug|Any CPU.ActiveCfg = Debug|Any CPU
		{E566EC0E-713A-4984-B7FA-D4D41115834B}.Debug|Any CPU.Build.0 = Debug|Any CPU
		{E566EC0E-713A-4984-B7FA-D4D41115834B}.Release|Any CPU.ActiveCfg = Release|Any CPU
		{E566EC0E-713A-4984-B7FA-D4D41115834B}.Release|Any CPU.Build.0 = Release|Any CPU
		{F6BBB112-592A-4AFB-8083-C5F0249DF2E7}.Debug|Any CPU.ActiveCfg = Debug|Any CPU
		{F6BBB112-592A-4AFB-8083-C5F0249DF2E7}.Debug|Any CPU.Build.0 = Debug|Any CPU
		{F6BBB112-592A-4AFB-8083-C5F0249DF2E7}.Release|Any CPU.ActiveCfg = Release|Any CPU
		{F6BBB112-592A-4AFB-8083-C5F0249DF2E7}.Release|Any CPU.Build.0 = Release|Any CPU
		{2C2CA10A-CC26-448B-B7F6-90B4A019FF99}.Debug|Any CPU.ActiveCfg = Debug|Any CPU
		{2C2CA10A-CC26-448B-B7F6-90B4A019FF99}.Debug|Any CPU.Build.0 = Debug|Any CPU
		{2C2CA10A-CC26-448B-B7F6-90B4A019FF99}.Release|Any CPU.ActiveCfg = Release|Any CPU
		{2C2CA10A-CC26-448B-B7F6-90B4A019FF99}.Release|Any CPU.Build.0 = Release|Any CPU
		{D96908D5-A87C-4BC4-A6D3-2F26E81624B5}.Debug|Any CPU.ActiveCfg = Debug|Any CPU
		{D96908D5-A87C-4BC4-A6D3-2F26E81624B5}.Debug|Any CPU.Build.0 = Debug|Any CPU
		{D96908D5-A87C-4BC4-A6D3-2F26E81624B5}.Release|Any CPU.ActiveCfg = Release|Any CPU
		{D96908D5-A87C-4BC4-A6D3-2F26E81624B5}.Release|Any CPU.Build.0 = Release|Any CPU
		{40BF8C95-03C7-49F7-AE13-984AB89FB15E}.Debug|Any CPU.ActiveCfg = Debug|Any CPU
		{40BF8C95-03C7-49F7-AE13-984AB89FB15E}.Debug|Any CPU.Build.0 = Debug|Any CPU
		{40BF8C95-03C7-49F7-AE13-984AB89FB15E}.Release|Any CPU.ActiveCfg = Release|Any CPU
		{40BF8C95-03C7-49F7-AE13-984AB89FB15E}.Release|Any CPU.Build.0 = Release|Any CPU
		{2C4AF726-9006-4C78-9EE7-6CAC97F8A708}.Debug|Any CPU.ActiveCfg = Debug|Any CPU
		{2C4AF726-9006-4C78-9EE7-6CAC97F8A708}.Debug|Any CPU.Build.0 = Debug|Any CPU
		{2C4AF726-9006-4C78-9EE7-6CAC97F8A708}.Release|Any CPU.ActiveCfg = Release|Any CPU
		{2C4AF726-9006-4C78-9EE7-6CAC97F8A708}.Release|Any CPU.Build.0 = Release|Any CPU
		{029F4A8D-8E05-4C62-BDD6-BC2C60DC2090}.Debug|Any CPU.ActiveCfg = Debug|Any CPU
		{029F4A8D-8E05-4C62-BDD6-BC2C60DC2090}.Debug|Any CPU.Build.0 = Debug|Any CPU
		{029F4A8D-8E05-4C62-BDD6-BC2C60DC2090}.Release|Any CPU.ActiveCfg = Release|Any CPU
		{029F4A8D-8E05-4C62-BDD6-BC2C60DC2090}.Release|Any CPU.Build.0 = Release|Any CPU
		{41CFDACA-0DDF-4939-99A8-04CEA94070D8}.Debug|Any CPU.ActiveCfg = Debug|Any CPU
		{41CFDACA-0DDF-4939-99A8-04CEA94070D8}.Debug|Any CPU.Build.0 = Debug|Any CPU
		{41CFDACA-0DDF-4939-99A8-04CEA94070D8}.Release|Any CPU.ActiveCfg = Release|Any CPU
		{41CFDACA-0DDF-4939-99A8-04CEA94070D8}.Release|Any CPU.Build.0 = Release|Any CPU
		{2FBF54DF-EC25-476C-A5D0-3727FD71EB3A}.Debug|Any CPU.ActiveCfg = Debug|Any CPU
		{2FBF54DF-EC25-476C-A5D0-3727FD71EB3A}.Debug|Any CPU.Build.0 = Debug|Any CPU
		{2FBF54DF-EC25-476C-A5D0-3727FD71EB3A}.Release|Any CPU.ActiveCfg = Release|Any CPU
		{2FBF54DF-EC25-476C-A5D0-3727FD71EB3A}.Release|Any CPU.Build.0 = Release|Any CPU
		{13BA4EA4-2042-40FC-9069-D1B45730E90B}.Debug|Any CPU.ActiveCfg = Debug|Any CPU
		{13BA4EA4-2042-40FC-9069-D1B45730E90B}.Debug|Any CPU.Build.0 = Debug|Any CPU
		{13BA4EA4-2042-40FC-9069-D1B45730E90B}.Release|Any CPU.ActiveCfg = Release|Any CPU
		{13BA4EA4-2042-40FC-9069-D1B45730E90B}.Release|Any CPU.Build.0 = Release|Any CPU
		{FD1E593D-8F9F-4DB5-8718-B5D31BC5F14F}.Debug|Any CPU.ActiveCfg = Debug|Any CPU
		{FD1E593D-8F9F-4DB5-8718-B5D31BC5F14F}.Debug|Any CPU.Build.0 = Debug|Any CPU
		{FD1E593D-8F9F-4DB5-8718-B5D31BC5F14F}.Release|Any CPU.ActiveCfg = Release|Any CPU
		{FD1E593D-8F9F-4DB5-8718-B5D31BC5F14F}.Release|Any CPU.Build.0 = Release|Any CPU
		{8C9BDBF5-A648-4936-931B-30842537287A}.Debug|Any CPU.ActiveCfg = Debug|Any CPU
		{8C9BDBF5-A648-4936-931B-30842537287A}.Debug|Any CPU.Build.0 = Debug|Any CPU
		{8C9BDBF5-A648-4936-931B-30842537287A}.Release|Any CPU.ActiveCfg = Release|Any CPU
		{8C9BDBF5-A648-4936-931B-30842537287A}.Release|Any CPU.Build.0 = Release|Any CPU
		{B340C4D7-DE2F-45C9-9D25-DF603368B1ED}.Debug|Any CPU.ActiveCfg = Debug|Any CPU
		{B340C4D7-DE2F-45C9-9D25-DF603368B1ED}.Debug|Any CPU.Build.0 = Debug|Any CPU
		{B340C4D7-DE2F-45C9-9D25-DF603368B1ED}.Release|Any CPU.ActiveCfg = Release|Any CPU
		{B340C4D7-DE2F-45C9-9D25-DF603368B1ED}.Release|Any CPU.Build.0 = Release|Any CPU
		{3608336F-4D24-457C-9924-4A111AA98B26}.Debug|Any CPU.ActiveCfg = Debug|Any CPU
		{3608336F-4D24-457C-9924-4A111AA98B26}.Debug|Any CPU.Build.0 = Debug|Any CPU
		{3608336F-4D24-457C-9924-4A111AA98B26}.Release|Any CPU.ActiveCfg = Release|Any CPU
		{3608336F-4D24-457C-9924-4A111AA98B26}.Release|Any CPU.Build.0 = Release|Any CPU
		{4DBDD5C6-8344-4F6F-874E-E7827BE723B8}.Debug|Any CPU.ActiveCfg = Debug|Any CPU
		{4DBDD5C6-8344-4F6F-874E-E7827BE723B8}.Debug|Any CPU.Build.0 = Debug|Any CPU
		{4DBDD5C6-8344-4F6F-874E-E7827BE723B8}.Release|Any CPU.ActiveCfg = Release|Any CPU
		{4DBDD5C6-8344-4F6F-874E-E7827BE723B8}.Release|Any CPU.Build.0 = Release|Any CPU
	EndGlobalSection
	GlobalSection(SolutionProperties) = preSolution
		HideSolutionNode = FALSE
	EndGlobalSection
	GlobalSection(NestedProjects) = preSolution
		{F6BBB112-592A-4AFB-8083-C5F0249DF2E7} = {B04D31C4-9ABA-4849-9B8D-72A02EE0F535}
		{D96908D5-A87C-4BC4-A6D3-2F26E81624B5} = {2F92D872-CC90-448E-971C-A1F22D926068}
		{40BF8C95-03C7-49F7-AE13-984AB89FB15E} = {E57E6404-D851-4BE7-8DC1-E7DDE51B4FD6}
		{029F4A8D-8E05-4C62-BDD6-BC2C60DC2090} = {B04D31C4-9ABA-4849-9B8D-72A02EE0F535}
		{41CFDACA-0DDF-4939-99A8-04CEA94070D8} = {B04D31C4-9ABA-4849-9B8D-72A02EE0F535}
		{2FBF54DF-EC25-476C-A5D0-3727FD71EB3A} = {B04D31C4-9ABA-4849-9B8D-72A02EE0F535}
		{13BA4EA4-2042-40FC-9069-D1B45730E90B} = {B04D31C4-9ABA-4849-9B8D-72A02EE0F535}
		{FD1E593D-8F9F-4DB5-8718-B5D31BC5F14F} = {B04D31C4-9ABA-4849-9B8D-72A02EE0F535}
		{8C9BDBF5-A648-4936-931B-30842537287A} = {2F92D872-CC90-448E-971C-A1F22D926068}
		{B340C4D7-DE2F-45C9-9D25-DF603368B1ED} = {1BF19B3B-D2E8-4EB1-9B27-EC2D2C66B5BC}
		{3608336F-4D24-457C-9924-4A111AA98B26} = {2F92D872-CC90-448E-971C-A1F22D926068}
		{4DBDD5C6-8344-4F6F-874E-E7827BE723B8} = {1BF19B3B-D2E8-4EB1-9B27-EC2D2C66B5BC}
	EndGlobalSection
	GlobalSection(ExtensibilityGlobals) = postSolution
		SolutionGuid = {D5ED14AD-FAA4-422C-B629-79A52254ED27}
	EndGlobalSection
EndGlobal
